
Microsoft Visual Studio Solution File, Format Version 12.00
# Visual Studio Version 17
VisualStudioVersion = 17.7.34031.279
MinimumVisualStudioVersion = 10.0.40219.1
Project("{FAE04EC0-301F-11D3-BF4B-00C04F79EFBC}") = "hm_5_class_exception", "hm_5_class_exception\hm_5_class_exception.csproj", "{AD9B6BEB-AB71-436C-83BC-54CDFBBE3C6D}"
EndProject
Global
	GlobalSection(SolutionConfigurationPlatforms) = preSolution
		Debug|Any CPU = Debug|Any CPU
		Release|Any CPU = Release|Any CPU
	EndGlobalSection
	GlobalSection(ProjectConfigurationPlatforms) = postSolution
		{AD9B6BEB-AB71-436C-83BC-54CDFBBE3C6D}.Debug|Any CPU.ActiveCfg = Debug|Any CPU
		{AD9B6BEB-AB71-436C-83BC-54CDFBBE3C6D}.Debug|Any CPU.Build.0 = Debug|Any CPU
		{AD9B6BEB-AB71-436C-83BC-54CDFBBE3C6D}.Release|Any CPU.ActiveCfg = Release|Any CPU
		{AD9B6BEB-AB71-436C-83BC-54CDFBBE3C6D}.Release|Any CPU.Build.0 = Release|Any CPU
	EndGlobalSection
	GlobalSection(SolutionProperties) = preSolution
		HideSolutionNode = FALSE
	EndGlobalSection
	GlobalSection(ExtensibilityGlobals) = postSolution
		SolutionGuid = {47960EC9-448C-488E-A187-CEC99706F240}
	EndGlobalSection
EndGlobal
